
Microsoft Visual Studio Solution File, Format Version 12.00
# Visual Studio Version 17
VisualStudioVersion = 17.6.33815.320
MinimumVisualStudioVersion = 10.0.40219.1
Project("{FAE04EC0-301F-11D3-BF4B-00C04F79EFBC}") = "OperacionLogicaMetodos", "OperacionLogicaMetodos\OperacionLogicaMetodos.csproj", "{6E04D689-F1E3-4492-8E7F-834E39E3D895}"
EndProject
Global
	GlobalSection(SolutionConfigurationPlatforms) = preSolution
		Debug|Any CPU = Debug|Any CPU
		Release|Any CPU = Release|Any CPU
	EndGlobalSection
	GlobalSection(ProjectConfigurationPlatforms) = postSolution
		{6E04D689-F1E3-4492-8E7F-834E39E3D895}.Debug|Any CPU.ActiveCfg = Debug|Any CPU
		{6E04D689-F1E3-4492-8E7F-834E39E3D895}.Debug|Any CPU.Build.0 = Debug|Any CPU
		{6E04D689-F1E3-4492-8E7F-834E39E3D895}.Release|Any CPU.ActiveCfg = Release|Any CPU
		{6E04D689-F1E3-4492-8E7F-834E39E3D895}.Release|Any CPU.Build.0 = Release|Any CPU
	EndGlobalSection
	GlobalSection(SolutionProperties) = preSolution
		HideSolutionNode = FALSE
	EndGlobalSection
	GlobalSection(ExtensibilityGlobals) = postSolution
		SolutionGuid = {F7C7245B-05D4-42EF-A5FC-6766F48B643D}
	EndGlobalSection
EndGlobal
